
Microsoft Visual Studio Solution File, Format Version 12.00
# Visual Studio Version 17
VisualStudioVersion = 17.1.32319.34
MinimumVisualStudioVersion = 10.0.40219.1
Project("{FAE04EC0-301F-11D3-BF4B-00C04F79EFBC}") = "TestDatabaseProject", "TestDatabaseProject.csproj", "{891CC645-098C-4E51-A8D1-3E6758FB2812}"
EndProject
Global
	GlobalSection(SolutionConfigurationPlatforms) = preSolution
		Debug|Any CPU = Debug|Any CPU
		Release|Any CPU = Release|Any CPU
	EndGlobalSection
	GlobalSection(ProjectConfigurationPlatforms) = postSolution
		{891CC645-098C-4E51-A8D1-3E6758FB2812}.Debug|Any CPU.ActiveCfg = Debug|Any CPU
		{891CC645-098C-4E51-A8D1-3E6758FB2812}.Debug|Any CPU.Build.0 = Debug|Any CPU
		{891CC645-098C-4E51-A8D1-3E6758FB2812}.Release|Any CPU.ActiveCfg = Release|Any CPU
		{891CC645-098C-4E51-A8D1-3E6758FB2812}.Release|Any CPU.Build.0 = Release|Any CPU
	EndGlobalSection
	GlobalSection(SolutionProperties) = preSolution
		HideSolutionNode = FALSE
	EndGlobalSection
	GlobalSection(ExtensibilityGlobals) = postSolution
		SolutionGuid = {2D73C8A7-7F29-495A-BA47-81587209463B}
	EndGlobalSection
EndGlobal
